
Microsoft Visual Studio Solution File, Format Version 11.00
# Visual Studio 2010
Project("{FAE04EC0-301F-11D3-BF4B-00C04F79EFBC}") = "Augmented Reality Farm", "Assembly-CSharp.csproj", "{8345CA21-068E-E054-B36E-36EC14D5616D}"
EndProject
Project("{FAE04EC0-301F-11D3-BF4B-00C04F79EFBC}") = "Augmented Reality Farm", "Assembly-CSharp-Editor.csproj", "{B39DAB77-A13C-FA7A-DE01-EFBFD9E37078}"
EndProject
Project("{C414BF80-C67F-DB7F-E9B7-2C9C87598B41}") = "Augmented Reality Farm", "Assembly-UnityScript-Editor-firstpass.unityproj", "{73EFA2D2-C41A-37F3-FEB8-63A4E6CCA99F}"
EndProject
Global
	GlobalSection(SolutionConfigurationPlatforms) = preSolution
		Debug|Any CPU = Debug|Any CPU
		Release|Any CPU = Release|Any CPU
	EndGlobalSection
	GlobalSection(ProjectConfigurationPlatforms) = postSolution
		{8345CA21-068E-E054-B36E-36EC14D5616D}.Debug|Any CPU.ActiveCfg = Debug|Any CPU
		{8345CA21-068E-E054-B36E-36EC14D5616D}.Debug|Any CPU.Build.0 = Debug|Any CPU
		{8345CA21-068E-E054-B36E-36EC14D5616D}.Release|Any CPU.ActiveCfg = Release|Any CPU
		{8345CA21-068E-E054-B36E-36EC14D5616D}.Release|Any CPU.Build.0 = Release|Any CPU
		{B39DAB77-A13C-FA7A-DE01-EFBFD9E37078}.Debug|Any CPU.ActiveCfg = Debug|Any CPU
		{B39DAB77-A13C-FA7A-DE01-EFBFD9E37078}.Debug|Any CPU.Build.0 = Debug|Any CPU
		{B39DAB77-A13C-FA7A-DE01-EFBFD9E37078}.Release|Any CPU.ActiveCfg = Release|Any CPU
		{B39DAB77-A13C-FA7A-DE01-EFBFD9E37078}.Release|Any CPU.Build.0 = Release|Any CPU
		{73EFA2D2-C41A-37F3-FEB8-63A4E6CCA99F}.Debug|Any CPU.ActiveCfg = Debug|Any CPU
		{73EFA2D2-C41A-37F3-FEB8-63A4E6CCA99F}.Debug|Any CPU.Build.0 = Debug|Any CPU
		{73EFA2D2-C41A-37F3-FEB8-63A4E6CCA99F}.Release|Any CPU.ActiveCfg = Release|Any CPU
		{73EFA2D2-C41A-37F3-FEB8-63A4E6CCA99F}.Release|Any CPU.Build.0 = Release|Any CPU
	EndGlobalSection
	GlobalSection(SolutionProperties) = preSolution
		HideSolutionNode = FALSE
	EndGlobalSection
	GlobalSection(MonoDevelopProperties) = preSolution
		StartupItem = Assembly-CSharp.csproj
	EndGlobalSection
EndGlobal
